// !$*UTF8*$!
{
	archiveVersion = 1;
	classes = {
	};
	objectVersion = 46;
	objects = {

/* Begin PBXBuildFile section */
		C422F95D1D4CCF040041814B /* map_func.hpp in Headers */ = {isa = PBXBuildFile; fileRef = C422F95B1D4CCF040041814B /* map_func.hpp */; };
		C472563D1D4AB86700531DE7 /* debug.cpp in Sources */ = {isa = PBXBuildFile; fileRef = C472563B1D4AB86700531DE7 /* debug.cpp */; };
		C472563E1D4AB86700531DE7 /* debug.hpp in Headers */ = {isa = PBXBuildFile; fileRef = C472563C1D4AB86700531DE7 /* debug.hpp */; };
		C48DE8F41D513F67004A3BED /* file_func.cpp in Sources */ = {isa = PBXBuildFile; fileRef = C48DE8F21D513F67004A3BED /* file_func.cpp */; };
		C48DE8F51D513F67004A3BED /* file_func.hpp in Headers */ = {isa = PBXBuildFile; fileRef = C48DE8F31D513F67004A3BED /* file_func.hpp */; };
		C4AAED311D51E439000B3641 /* EmptyTestFile in Sources */ = {isa = PBXBuildFile; fileRef = C4AAED2F1D51E162000B3641 /* EmptyTestFile */; };
		C4AAED381D520859000B3641 /* NonEmptyTestFile in Sources */ = {isa = PBXBuildFile; fileRef = C4AAED351D52062D000B3641 /* NonEmptyTestFile */; };
		C4AB85961CC4452000A69438 /* main.cpp in Sources */ = {isa = PBXBuildFile; fileRef = C4AB85951CC4452000A69438 /* main.cpp */; };
		C4AB859D1CC4455200A69438 /* libChaosCore.dylib in Frameworks */ = {isa = PBXBuildFile; fileRef = C4E4E6481C8F24AA00AC2C72 /* libChaosCore.dylib */; };
		C4AB859F1CC4459200A69438 /* libgtest.a in Frameworks */ = {isa = PBXBuildFile; fileRef = C4AB859E1CC4459200A69438 /* libgtest.a */; };
		C4E4E65E1C8F24BD00AC2C72 /* ChaosCore.hpp in Headers */ = {isa = PBXBuildFile; fileRef = C4E4E6571C8F24BD00AC2C72 /* ChaosCore.hpp */; };
		C4E4E6621C8F24BD00AC2C72 /* ChaosCore.cpp in Sources */ = {isa = PBXBuildFile; fileRef = C4E4E65B1C8F24BD00AC2C72 /* ChaosCore.cpp */; };
/* End PBXBuildFile section */

/* Begin PBXBuildRule section */
		C4AAED301D51E1EF000B3641 /* PBXBuildRule */ = {
			isa = PBXBuildRule;
			compilerSpec = com.apple.compilers.proxy.script;
			filePatterns = "*TestFile";
			fileType = pattern.proxy;
			isEditable = 1;
			outputFiles = (
				"$(TARGET_BUILD_DIR)/$(INPUT_FILE_NAME)",
			);
			script = "cp $INPUT_FILE_PATH $TARGET_BUILD_DIR/$INPUT_FILE_NAME";
		};
		C4AAED361D5206BC000B3641 /* PBXBuildRule */ = {
			isa = PBXBuildRule;
			compilerSpec = com.apple.compilers.proxy.script;
			filePatterns = EmptyTestFile;
			fileType = pattern.proxy;
			isEditable = 1;
			outputFiles = (
			);
			script = "ln -fs $TARGET_BUILD_DIR/$INPUT_FILE_NAME $TARGET_BUILD_DIR/$INPUT_FILE_NAME\"Link\"\nmkdir -p $TARGET_BUILD_DIR/TestDir\nln -fs $TARGET_BUILD_DIR/TestDir $TARGET_BUILD_DIR/TestDirLink";
		};
/* End PBXBuildRule section */

/* Begin PBXContainerItemProxy section */
		C4AB859B1CC4454A00A69438 /* PBXContainerItemProxy */ = {
			isa = PBXContainerItemProxy;
			containerPortal = C4E4E6401C8F24AA00AC2C72 /* Project object */;
			proxyType = 1;
			remoteGlobalIDString = C4E4E6471C8F24AA00AC2C72;
			remoteInfo = ChaosCore;
		};
/* End PBXContainerItemProxy section */

/* Begin PBXCopyFilesBuildPhase section */
		C4AB85911CC4451F00A69438 /* CopyFiles */ = {
			isa = PBXCopyFilesBuildPhase;
			buildActionMask = 2147483647;
			dstPath = /usr/share/man/man1/;
			dstSubfolderSpec = 0;
			files = (
			);
			runOnlyForDeploymentPostprocessing = 1;
		};
/* End PBXCopyFilesBuildPhase section */

/* Begin PBXFileReference section */
		C422F95B1D4CCF040041814B /* map_func.hpp */ = {isa = PBXFileReference; fileEncoding = 4; lastKnownFileType = sourcecode.cpp.h; path = map_func.hpp; sourceTree = "<group>"; };
		C472563B1D4AB86700531DE7 /* debug.cpp */ = {isa = PBXFileReference; fileEncoding = 4; lastKnownFileType = sourcecode.cpp.cpp; path = debug.cpp; sourceTree = "<group>"; };
		C472563C1D4AB86700531DE7 /* debug.hpp */ = {isa = PBXFileReference; fileEncoding = 4; lastKnownFileType = sourcecode.cpp.h; path = debug.hpp; sourceTree = "<group>"; };
		C48DE8F21D513F67004A3BED /* file_func.cpp */ = {isa = PBXFileReference; fileEncoding = 4; lastKnownFileType = sourcecode.cpp.cpp; path = file_func.cpp; sourceTree = "<group>"; };
		C48DE8F31D513F67004A3BED /* file_func.hpp */ = {isa = PBXFileReference; fileEncoding = 4; lastKnownFileType = sourcecode.cpp.h; path = file_func.hpp; sourceTree = "<group>"; };
		C4AAED2D1D51E0D2000B3641 /* file_func.h */ = {isa = PBXFileReference; lastKnownFileType = sourcecode.c.h; path = file_func.h; sourceTree = "<group>"; };
		C4AAED2F1D51E162000B3641 /* EmptyTestFile */ = {isa = PBXFileReference; fileEncoding = 4; lastKnownFileType = text; path = EmptyTestFile; sourceTree = "<group>"; };
		C4AAED351D52062D000B3641 /* NonEmptyTestFile */ = {isa = PBXFileReference; fileEncoding = 4; lastKnownFileType = text; path = NonEmptyTestFile; sourceTree = "<group>"; };
		C4AB85931CC4451F00A69438 /* ChaosCoreTest */ = {isa = PBXFileReference; explicitFileType = "compiled.mach-o.executable"; includeInIndex = 0; path = ChaosCoreTest; sourceTree = BUILT_PRODUCTS_DIR; };
		C4AB85951CC4452000A69438 /* main.cpp */ = {isa = PBXFileReference; lastKnownFileType = sourcecode.cpp.cpp; path = main.cpp; sourceTree = "<group>"; };
		C4AB859E1CC4459200A69438 /* libgtest.a */ = {isa = PBXFileReference; lastKnownFileType = archive.ar; name = libgtest.a; path = ../../../../../../../opt/local/lib/libgtest.a; sourceTree = "<group>"; };
		C4E4E6481C8F24AA00AC2C72 /* libChaosCore.dylib */ = {isa = PBXFileReference; explicitFileType = "compiled.mach-o.dylib"; includeInIndex = 0; path = libChaosCore.dylib; sourceTree = BUILT_PRODUCTS_DIR; };
		C4E4E6571C8F24BD00AC2C72 /* ChaosCore.hpp */ = {isa = PBXFileReference; fileEncoding = 4; lastKnownFileType = sourcecode.cpp.h; path = ChaosCore.hpp; sourceTree = "<group>"; };
		C4E4E65B1C8F24BD00AC2C72 /* ChaosCore.cpp */ = {isa = PBXFileReference; fileEncoding = 4; lastKnownFileType = sourcecode.cpp.cpp; path = ChaosCore.cpp; sourceTree = "<group>"; };
/* End PBXFileReference section */

/* Begin PBXFrameworksBuildPhase section */
		C4AB85901CC4451F00A69438 /* Frameworks */ = {
			isa = PBXFrameworksBuildPhase;
			buildActionMask = 2147483647;
			files = (
				C4AB859F1CC4459200A69438 /* libgtest.a in Frameworks */,
				C4AB859D1CC4455200A69438 /* libChaosCore.dylib in Frameworks */,
			);
			runOnlyForDeploymentPostprocessing = 0;
		};
		C4E4E6451C8F24AA00AC2C72 /* Frameworks */ = {
			isa = PBXFrameworksBuildPhase;
			buildActionMask = 2147483647;
			files = (
			);
			runOnlyForDeploymentPostprocessing = 0;
		};
/* End PBXFrameworksBuildPhase section */

/* Begin PBXGroup section */
		C4AAED2E1D51E144000B3641 /* assets */ = {
			isa = PBXGroup;
			children = (
				C4AAED2F1D51E162000B3641 /* EmptyTestFile */,
				C4AAED351D52062D000B3641 /* NonEmptyTestFile */,
			);
			name = assets;
			sourceTree = "<group>";
		};
		C4AB85941CC4452000A69438 /* ChaosCoreTest */ = {
			isa = PBXGroup;
			children = (
				C4AAED2E1D51E144000B3641 /* assets */,
				C4AB85951CC4452000A69438 /* main.cpp */,
				C4AAED2D1D51E0D2000B3641 /* file_func.h */,
			);
			path = ChaosCoreTest;
			sourceTree = "<group>";
		};
		C4E4E63F1C8F24AA00AC2C72 = {
			isa = PBXGroup;
			children = (
				C4AB859E1CC4459200A69438 /* libgtest.a */,
				C4E4E64A1C8F24AA00AC2C72 /* ChaosCore */,
				C4AB85941CC4452000A69438 /* ChaosCoreTest */,
				C4E4E6491C8F24AA00AC2C72 /* Products */,
			);
			sourceTree = "<group>";
		};
		C4E4E6491C8F24AA00AC2C72 /* Products */ = {
			isa = PBXGroup;
			children = (
				C4E4E6481C8F24AA00AC2C72 /* libChaosCore.dylib */,
				C4AB85931CC4451F00A69438 /* ChaosCoreTest */,
			);
			name = Products;
			sourceTree = "<group>";
		};
		C4E4E64A1C8F24AA00AC2C72 /* ChaosCore */ = {
			isa = PBXGroup;
			children = (
				C4E4E6571C8F24BD00AC2C72 /* ChaosCore.hpp */,
				C4E4E65B1C8F24BD00AC2C72 /* ChaosCore.cpp */,
				C472563B1D4AB86700531DE7 /* debug.cpp */,
				C472563C1D4AB86700531DE7 /* debug.hpp */,
				C422F95B1D4CCF040041814B /* map_func.hpp */,
				C48DE8F21D513F67004A3BED /* file_func.cpp */,
				C48DE8F31D513F67004A3BED /* file_func.hpp */,
			);
			path = ChaosCore;
			sourceTree = "<group>";
		};
/* End PBXGroup section */

/* Begin PBXHeadersBuildPhase section */
		C4E4E6461C8F24AA00AC2C72 /* Headers */ = {
			isa = PBXHeadersBuildPhase;
			buildActionMask = 2147483647;
			files = (
				C422F95D1D4CCF040041814B /* map_func.hpp in Headers */,
				C4E4E65E1C8F24BD00AC2C72 /* ChaosCore.hpp in Headers */,
				C48DE8F51D513F67004A3BED /* file_func.hpp in Headers */,
				C472563E1D4AB86700531DE7 /* debug.hpp in Headers */,
			);
			runOnlyForDeploymentPostprocessing = 0;
		};
/* End PBXHeadersBuildPhase section */

/* Begin PBXNativeTarget section */
		C4AB85921CC4451F00A69438 /* ChaosCoreTest */ = {
			isa = PBXNativeTarget;
			buildConfigurationList = C4AB85991CC4452000A69438 /* Build configuration list for PBXNativeTarget "ChaosCoreTest" */;
			buildPhases = (
				C4AB858F1CC4451F00A69438 /* Sources */,
				C4AB85901CC4451F00A69438 /* Frameworks */,
				C4AB85911CC4451F00A69438 /* CopyFiles */,
			);
			buildRules = (
				C4AAED301D51E1EF000B3641 /* PBXBuildRule */,
				C4AAED361D5206BC000B3641 /* PBXBuildRule */,
			);
			dependencies = (
				C4AB859C1CC4454A00A69438 /* PBXTargetDependency */,
			);
			name = ChaosCoreTest;
			productName = ChaosCoreTest;
			productReference = C4AB85931CC4451F00A69438 /* ChaosCoreTest */;
			productType = "com.apple.product-type.tool";
		};
		C4E4E6471C8F24AA00AC2C72 /* ChaosCore */ = {
			isa = PBXNativeTarget;
			buildConfigurationList = C4E4E6531C8F24AA00AC2C72 /* Build configuration list for PBXNativeTarget "ChaosCore" */;
			buildPhases = (
				C4E4E6441C8F24AA00AC2C72 /* Sources */,
				C4E4E6451C8F24AA00AC2C72 /* Frameworks */,
				C4E4E6461C8F24AA00AC2C72 /* Headers */,
			);
			buildRules = (
			);
			dependencies = (
			);
			name = ChaosCore;
			productName = ChaosCore;
			productReference = C4E4E6481C8F24AA00AC2C72 /* libChaosCore.dylib */;
			productType = "com.apple.product-type.library.dynamic";
		};
/* End PBXNativeTarget section */

/* Begin PBXProject section */
		C4E4E6401C8F24AA00AC2C72 /* Project object */ = {
			isa = PBXProject;
			attributes = {
				LastUpgradeCheck = 0730;
				ORGANIZATIONNAME = "Fu Lam Diep";
				TargetAttributes = {
					C4AB85921CC4451F00A69438 = {
						CreatedOnToolsVersion = 7.3;
					};
					C4E4E6471C8F24AA00AC2C72 = {
						CreatedOnToolsVersion = 7.2.1;
					};
				};
			};
			buildConfigurationList = C4E4E6431C8F24AA00AC2C72 /* Build configuration list for PBXProject "ChaosCore" */;
			compatibilityVersion = "Xcode 3.2";
			developmentRegion = English;
			hasScannedForEncodings = 0;
			knownRegions = (
				en,
			);
			mainGroup = C4E4E63F1C8F24AA00AC2C72;
			productRefGroup = C4E4E6491C8F24AA00AC2C72 /* Products */;
			projectDirPath = "";
			projectRoot = "";
			targets = (
				C4E4E6471C8F24AA00AC2C72 /* ChaosCore */,
				C4AB85921CC4451F00A69438 /* ChaosCoreTest */,
			);
		};
/* End PBXProject section */

/* Begin PBXSourcesBuildPhase section */
		C4AB858F1CC4451F00A69438 /* Sources */ = {
			isa = PBXSourcesBuildPhase;
			buildActionMask = 2147483647;
			files = (
				C4AAED381D520859000B3641 /* NonEmptyTestFile in Sources */,
				C4AAED311D51E439000B3641 /* EmptyTestFile in Sources */,
				C4AB85961CC4452000A69438 /* main.cpp in Sources */,
			);
			runOnlyForDeploymentPostprocessing = 0;
		};
		C4E4E6441C8F24AA00AC2C72 /* Sources */ = {
			isa = PBXSourcesBuildPhase;
			buildActionMask = 2147483647;
			files = (
				C472563D1D4AB86700531DE7 /* debug.cpp in Sources */,
				C4E4E6621C8F24BD00AC2C72 /* ChaosCore.cpp in Sources */,
				C48DE8F41D513F67004A3BED /* file_func.cpp in Sources */,
			);
			runOnlyForDeploymentPostprocessing = 0;
		};
/* End PBXSourcesBuildPhase section */

/* Begin PBXTargetDependency section */
		C4AB859C1CC4454A00A69438 /* PBXTargetDependency */ = {
			isa = PBXTargetDependency;
			target = C4E4E6471C8F24AA00AC2C72 /* ChaosCore */;
			targetProxy = C4AB859B1CC4454A00A69438 /* PBXContainerItemProxy */;
		};
/* End PBXTargetDependency section */

/* Begin XCBuildConfiguration section */
		C4AB85971CC4452000A69438 /* Debug */ = {
			isa = XCBuildConfiguration;
			buildSettings = {
				CLANG_ANALYZER_NONNULL = YES;
				LIBRARY_SEARCH_PATHS = (
					"$(inherited)",
					/opt/local/lib,
				);
				PRODUCT_NAME = "$(TARGET_NAME)";
			};
			name = Debug;
		};
		C4AB85981CC4452000A69438 /* Release */ = {
			isa = XCBuildConfiguration;
			buildSettings = {
				CLANG_ANALYZER_NONNULL = YES;
				LIBRARY_SEARCH_PATHS = (
					"$(inherited)",
					/opt/local/lib,
				);
				PRODUCT_NAME = "$(TARGET_NAME)";
			};
			name = Release;
		};
		C4E4E6511C8F24AA00AC2C72 /* Debug */ = {
			isa = XCBuildConfiguration;
			buildSettings = {
				ALWAYS_SEARCH_USER_PATHS = NO;
				CLANG_CXX_LANGUAGE_STANDARD = "gnu++0x";
				CLANG_CXX_LIBRARY = "libc++";
				CLANG_ENABLE_MODULES = YES;
				CLANG_ENABLE_OBJC_ARC = YES;
				CLANG_WARN_BOOL_CONVERSION = YES;
				CLANG_WARN_CONSTANT_CONVERSION = YES;
				CLANG_WARN_DIRECT_OBJC_ISA_USAGE = YES_ERROR;
				CLANG_WARN_EMPTY_BODY = YES;
				CLANG_WARN_ENUM_CONVERSION = YES;
				CLANG_WARN_INT_CONVERSION = YES;
				CLANG_WARN_OBJC_ROOT_CLASS = YES_ERROR;
				CLANG_WARN_UNREACHABLE_CODE = YES;
				CLANG_WARN__DUPLICATE_METHOD_MATCH = YES;
				CODE_SIGN_IDENTITY = "-";
				COPY_PHASE_STRIP = NO;
				DEBUG_INFORMATION_FORMAT = dwarf;
				ENABLE_STRICT_OBJC_MSGSEND = YES;
				ENABLE_TESTABILITY = YES;
				GCC_C_LANGUAGE_STANDARD = gnu99;
				GCC_DYNAMIC_NO_PIC = NO;
				GCC_NO_COMMON_BLOCKS = YES;
				GCC_OPTIMIZATION_LEVEL = 0;
				GCC_PREPROCESSOR_DEFINITIONS = (
					"DEBUG=1",
					"$(inherited)",
				);
				GCC_WARN_64_TO_32_BIT_CONVERSION = YES;
				GCC_WARN_ABOUT_RETURN_TYPE = YES_ERROR;
				GCC_WARN_UNDECLARED_SELECTOR = YES;
				GCC_WARN_UNINITIALIZED_AUTOS = YES_AGGRESSIVE;
				GCC_WARN_UNUSED_FUNCTION = YES;
				GCC_WARN_UNUSED_VARIABLE = YES;
				HEADER_SEARCH_PATHS = (
					/opt/local/include,
					../ChaosCore,
				);
				MACOSX_DEPLOYMENT_TARGET = 10.11;
				MTL_ENABLE_DEBUG_INFO = YES;
				ONLY_ACTIVE_ARCH = YES;
				SDKROOT = macosx;
			};
			name = Debug;
		};
		C4E4E6521C8F24AA00AC2C72 /* Release */ = {
			isa = XCBuildConfiguration;
			buildSettings = {
				ALWAYS_SEARCH_USER_PATHS = NO;
				CLANG_CXX_LANGUAGE_STANDARD = "gnu++0x";
				CLANG_CXX_LIBRARY = "libc++";
				CLANG_ENABLE_MODULES = YES;
				CLANG_ENABLE_OBJC_ARC = YES;
				CLANG_WARN_BOOL_CONVERSION = YES;
				CLANG_WARN_CONSTANT_CONVERSION = YES;
				CLANG_WARN_DIRECT_OBJC_ISA_USAGE = YES_ERROR;
				CLANG_WARN_EMPTY_BODY = YES;
				CLANG_WARN_ENUM_CONVERSION = YES;
				CLANG_WARN_INT_CONVERSION = YES;
				CLANG_WARN_OBJC_ROOT_CLASS = YES_ERROR;
				CLANG_WARN_UNREACHABLE_CODE = YES;
				CLANG_WARN__DUPLICATE_METHOD_MATCH = YES;
				CODE_SIGN_IDENTITY = "-";
				COPY_PHASE_STRIP = NO;
				DEBUG_INFORMATION_FORMAT = "dwarf-with-dsym";
				ENABLE_NS_ASSERTIONS = NO;
				ENABLE_STRICT_OBJC_MSGSEND = YES;
				GCC_C_LANGUAGE_STANDARD = gnu99;
				GCC_NO_COMMON_BLOCKS = YES;
				GCC_WARN_64_TO_32_BIT_CONVERSION = YES;
				GCC_WARN_ABOUT_RETURN_TYPE = YES_ERROR;
				GCC_WARN_UNDECLARED_SELECTOR = YES;
				GCC_WARN_UNINITIALIZED_AUTOS = YES_AGGRESSIVE;
				GCC_WARN_UNUSED_FUNCTION = YES;
				GCC_WARN_UNUSED_VARIABLE = YES;
				HEADER_SEARCH_PATHS = (
					/opt/local/include,
					../ChaosCore,
				);
				MACOSX_DEPLOYMENT_TARGET = 10.11;
				MTL_ENABLE_DEBUG_INFO = NO;
				SDKROOT = macosx;
			};
			name = Release;
		};
		C4E4E6541C8F24AA00AC2C72 /* Debug */ = {
			isa = XCBuildConfiguration;
			buildSettings = {
				COMBINE_HIDPI_IMAGES = YES;
				DYLIB_COMPATIBILITY_VERSION = 1;
				DYLIB_CURRENT_VERSION = 1;
				EXECUTABLE_PREFIX = lib;
				GCC_ENABLE_CPP_EXCEPTIONS = YES;
				GCC_ENABLE_CPP_RTTI = YES;
				GCC_SYMBOLS_PRIVATE_EXTERN = YES;
				PRODUCT_NAME = "$(TARGET_NAME)";
			};
			name = Debug;
		};
		C4E4E6551C8F24AA00AC2C72 /* Release */ = {
			isa = XCBuildConfiguration;
			buildSettings = {
				COMBINE_HIDPI_IMAGES = YES;
				DYLIB_COMPATIBILITY_VERSION = 1;
				DYLIB_CURRENT_VERSION = 1;
				EXECUTABLE_PREFIX = lib;
				GCC_ENABLE_CPP_EXCEPTIONS = YES;
				GCC_ENABLE_CPP_RTTI = YES;
				GCC_SYMBOLS_PRIVATE_EXTERN = YES;
				PRODUCT_NAME = "$(TARGET_NAME)";
			};
			name = Release;
		};
/* End XCBuildConfiguration section */

/* Begin XCConfigurationList section */
		C4AB85991CC4452000A69438 /* Build configuration list for PBXNativeTarget "ChaosCoreTest" */ = {
			isa = XCConfigurationList;
			buildConfigurations = (
				C4AB85971CC4452000A69438 /* Debug */,
				C4AB85981CC4452000A69438 /* Release */,
			);
			defaultConfigurationIsVisible = 0;
			defaultConfigurationName = Release;
		};
		C4E4E6431C8F24AA00AC2C72 /* Build configuration list for PBXProject "ChaosCore" */ = {
			isa = XCConfigurationList;
			buildConfigurations = (
				C4E4E6511C8F24AA00AC2C72 /* Debug */,
				C4E4E6521C8F24AA00AC2C72 /* Release */,
			);
			defaultConfigurationIsVisible = 0;
			defaultConfigurationName = Release;
		};
		C4E4E6531C8F24AA00AC2C72 /* Build configuration list for PBXNativeTarget "ChaosCore" */ = {
			isa = XCConfigurationList;
			buildConfigurations = (
				C4E4E6541C8F24AA00AC2C72 /* Debug */,
				C4E4E6551C8F24AA00AC2C72 /* Release */,
			);
			defaultConfigurationIsVisible = 0;
			defaultConfigurationName = Release;
		};
/* End XCConfigurationList section */
	};
	rootObject = C4E4E6401C8F24AA00AC2C72 /* Project object */;
}
